// !$*UTF8*$!
{
	archiveVersion = 1;
	classes = {
	};
	objectVersion = 56;
	objects = {

/* Begin PBXBuildFile section */
		30114A19294051B100F63BD1 /* Profile.swift in Sources */ = {isa = PBXBuildFile; fileRef = 30114A18294051B100F63BD1 /* Profile.swift */; };
		30114A1E29407B8900F63BD1 /* ReferralProgramVM.swift in Sources */ = {isa = PBXBuildFile; fileRef = 30114A1D29407B8900F63BD1 /* ReferralProgramVM.swift */; };
		30114A2029407BA500F63BD1 /* ReferralProgram.swift in Sources */ = {isa = PBXBuildFile; fileRef = 30114A1F29407BA500F63BD1 /* ReferralProgram.swift */; };
		3056BEAF2939080A006C85F8 /* UncommonApp.swift in Sources */ = {isa = PBXBuildFile; fileRef = 3056BEAE2939080A006C85F8 /* UncommonApp.swift */; };
		3056BEB12939080A006C85F8 /* ContentView.swift in Sources */ = {isa = PBXBuildFile; fileRef = 3056BEB02939080A006C85F8 /* ContentView.swift */; };
		3056BEB32939080B006C85F8 /* Assets.xcassets in Resources */ = {isa = PBXBuildFile; fileRef = 3056BEB22939080B006C85F8 /* Assets.xcassets */; };
		3056BEB62939080B006C85F8 /* Preview Assets.xcassets in Resources */ = {isa = PBXBuildFile; fileRef = 3056BEB52939080B006C85F8 /* Preview Assets.xcassets */; };
		3056BEC02939080B006C85F8 /* UncommonAppTests.swift in Sources */ = {isa = PBXBuildFile; fileRef = 3056BEBF2939080B006C85F8 /* UncommonAppTests.swift */; };
		3056BECA2939080B006C85F8 /* UncommonAppUITests.swift in Sources */ = {isa = PBXBuildFile; fileRef = 3056BEC92939080B006C85F8 /* UncommonAppUITests.swift */; };
		3056BECC2939080B006C85F8 /* UncommonAppUITestsLaunchTests.swift in Sources */ = {isa = PBXBuildFile; fileRef = 3056BECB2939080B006C85F8 /* UncommonAppUITestsLaunchTests.swift */; };
		3056BED9293EAF85006C85F8 /* Home.swift in Sources */ = {isa = PBXBuildFile; fileRef = 3056BED8293EAF85006C85F8 /* Home.swift */; };
		3056BEDB293EAFB5006C85F8 /* Rewards.swift in Sources */ = {isa = PBXBuildFile; fileRef = 3056BEDA293EAFB5006C85F8 /* Rewards.swift */; };
		3056BEDD293EC7DB006C85F8 /* Share.swift in Sources */ = {isa = PBXBuildFile; fileRef = 3056BEDC293EC7DB006C85F8 /* Share.swift */; };
		3056BEDF293ED713006C85F8 /* SharePersonalized.swift in Sources */ = {isa = PBXBuildFile; fileRef = 3056BEDE293ED713006C85F8 /* SharePersonalized.swift */; };
		3056BF07293FD798006C85F8 /* SDWebImageSwiftUI in Frameworks */ = {isa = PBXBuildFile; productRef = 3056BF06293FD798006C85F8 /* SDWebImageSwiftUI */; };
		3056BF11293FE01C006C85F8 /* FirebaseAnalyticsSwift in Frameworks */ = {isa = PBXBuildFile; productRef = 3056BF10293FE01C006C85F8 /* FirebaseAnalyticsSwift */; };
		3056BF13293FE01C006C85F8 /* FirebaseAnalyticsWithoutAdIdSupport in Frameworks */ = {isa = PBXBuildFile; productRef = 3056BF12293FE01C006C85F8 /* FirebaseAnalyticsWithoutAdIdSupport */; };
		3056BF15293FE01C006C85F8 /* FirebaseAppCheck in Frameworks */ = {isa = PBXBuildFile; productRef = 3056BF14293FE01C006C85F8 /* FirebaseAppCheck */; };
		3056BF17293FE01C006C85F8 /* FirebaseAppDistribution-Beta in Frameworks */ = {isa = PBXBuildFile; productRef = 3056BF16293FE01C006C85F8 /* FirebaseAppDistribution-Beta */; };
		3056BF19293FE01C006C85F8 /* FirebaseAuth in Frameworks */ = {isa = PBXBuildFile; productRef = 3056BF18293FE01C006C85F8 /* FirebaseAuth */; };
		3056BF1B293FE01C006C85F8 /* FirebaseAuthCombine-Community in Frameworks */ = {isa = PBXBuildFile; productRef = 3056BF1A293FE01C006C85F8 /* FirebaseAuthCombine-Community */; };
		3056BF1D293FE01C006C85F8 /* FirebaseCrashlytics in Frameworks */ = {isa = PBXBuildFile; productRef = 3056BF1C293FE01C006C85F8 /* FirebaseCrashlytics */; };
		3056BF1F293FE01C006C85F8 /* FirebaseDynamicLinks in Frameworks */ = {isa = PBXBuildFile; productRef = 3056BF1E293FE01C006C85F8 /* FirebaseDynamicLinks */; };
		3056BF21293FE01D006C85F8 /* FirebaseFirestore in Frameworks */ = {isa = PBXBuildFile; productRef = 3056BF20293FE01D006C85F8 /* FirebaseFirestore */; };
		3056BF23293FE01D006C85F8 /* FirebaseFirestoreCombine-Community in Frameworks */ = {isa = PBXBuildFile; productRef = 3056BF22293FE01D006C85F8 /* FirebaseFirestoreCombine-Community */; };
		3056BF25293FE01D006C85F8 /* FirebaseFirestoreSwift in Frameworks */ = {isa = PBXBuildFile; productRef = 3056BF24293FE01D006C85F8 /* FirebaseFirestoreSwift */; };
		3056BF27293FE01D006C85F8 /* FirebaseFunctions in Frameworks */ = {isa = PBXBuildFile; productRef = 3056BF26293FE01D006C85F8 /* FirebaseFunctions */; };
		3056BF29293FE01D006C85F8 /* FirebaseFunctionsCombine-Community in Frameworks */ = {isa = PBXBuildFile; productRef = 3056BF28293FE01D006C85F8 /* FirebaseFunctionsCombine-Community */; };
		3056BF2B293FE01D006C85F8 /* FirebaseInAppMessaging-Beta in Frameworks */ = {isa = PBXBuildFile; productRef = 3056BF2A293FE01D006C85F8 /* FirebaseInAppMessaging-Beta */; };
		3056BF2D293FE01E006C85F8 /* FirebaseInAppMessagingSwift-Beta in Frameworks */ = {isa = PBXBuildFile; productRef = 3056BF2C293FE01E006C85F8 /* FirebaseInAppMessagingSwift-Beta */; };
		3056BF2F293FE01E006C85F8 /* FirebaseInstallations in Frameworks */ = {isa = PBXBuildFile; productRef = 3056BF2E293FE01E006C85F8 /* FirebaseInstallations */; };
		3056BF31293FE01E006C85F8 /* FirebaseMessaging in Frameworks */ = {isa = PBXBuildFile; productRef = 3056BF30293FE01E006C85F8 /* FirebaseMessaging */; };
		3056BF33293FE01E006C85F8 /* FirebasePerformance in Frameworks */ = {isa = PBXBuildFile; productRef = 3056BF32293FE01E006C85F8 /* FirebasePerformance */; };
		3056BF35293FE01F006C85F8 /* FirebaseRemoteConfig in Frameworks */ = {isa = PBXBuildFile; productRef = 3056BF34293FE01F006C85F8 /* FirebaseRemoteConfig */; };
		3056BF37293FE01F006C85F8 /* FirebaseRemoteConfigSwift in Frameworks */ = {isa = PBXBuildFile; productRef = 3056BF36293FE01F006C85F8 /* FirebaseRemoteConfigSwift */; };
		3056BF39293FE01F006C85F8 /* FirebaseStorage in Frameworks */ = {isa = PBXBuildFile; productRef = 3056BF38293FE01F006C85F8 /* FirebaseStorage */; };
		3056BF3B293FE01F006C85F8 /* FirebaseStorageCombine-Community in Frameworks */ = {isa = PBXBuildFile; productRef = 3056BF3A293FE01F006C85F8 /* FirebaseStorageCombine-Community */; };
/* End PBXBuildFile section */

/* Begin PBXContainerItemProxy section */
		3056BEBC2939080B006C85F8 /* PBXContainerItemProxy */ = {
			isa = PBXContainerItemProxy;
			containerPortal = 3056BEA32939080A006C85F8 /* Project object */;
			proxyType = 1;
			remoteGlobalIDString = 3056BEAA2939080A006C85F8;
			remoteInfo = UncommonApp;
		};
		3056BEC62939080B006C85F8 /* PBXContainerItemProxy */ = {
			isa = PBXContainerItemProxy;
			containerPortal = 3056BEA32939080A006C85F8 /* Project object */;
			proxyType = 1;
			remoteGlobalIDString = 3056BEAA2939080A006C85F8;
			remoteInfo = UncommonApp;
		};
/* End PBXContainerItemProxy section */

/* Begin PBXFileReference section */
		30114A14293FE5C100F63BD1 /* GoogleService-Info.plist */ = {isa = PBXFileReference; lastKnownFileType = text.plist.xml; path = "GoogleService-Info.plist"; sourceTree = "<group>"; };
		30114A16293FE5C100F63BD1 /* GoogleService-Info.plist */ = {isa = PBXFileReference; lastKnownFileType = text.plist.xml; path = "GoogleService-Info.plist"; sourceTree = "<group>"; };
		30114A18294051B100F63BD1 /* Profile.swift */ = {isa = PBXFileReference; lastKnownFileType = sourcecode.swift; path = Profile.swift; sourceTree = "<group>"; };
		30114A1D29407B8900F63BD1 /* ReferralProgramVM.swift */ = {isa = PBXFileReference; lastKnownFileType = sourcecode.swift; path = ReferralProgramVM.swift; sourceTree = "<group>"; };
		30114A1F29407BA500F63BD1 /* ReferralProgram.swift */ = {isa = PBXFileReference; lastKnownFileType = sourcecode.swift; path = ReferralProgram.swift; sourceTree = "<group>"; };
		3056BEAB2939080A006C85F8 /* UncommonApp.app */ = {isa = PBXFileReference; explicitFileType = wrapper.application; includeInIndex = 0; path = UncommonApp.app; sourceTree = BUILT_PRODUCTS_DIR; };
		3056BEAE2939080A006C85F8 /* UncommonApp.swift */ = {isa = PBXFileReference; lastKnownFileType = sourcecode.swift; path = UncommonApp.swift; sourceTree = "<group>"; };
		3056BEB02939080A006C85F8 /* ContentView.swift */ = {isa = PBXFileReference; lastKnownFileType = sourcecode.swift; path = ContentView.swift; sourceTree = "<group>"; };
		3056BEB22939080B006C85F8 /* Assets.xcassets */ = {isa = PBXFileReference; lastKnownFileType = folder.assetcatalog; path = Assets.xcassets; sourceTree = "<group>"; };
		3056BEB52939080B006C85F8 /* Preview Assets.xcassets */ = {isa = PBXFileReference; lastKnownFileType = folder.assetcatalog; path = "Preview Assets.xcassets"; sourceTree = "<group>"; };
		3056BEBB2939080B006C85F8 /* UncommonAppTests.xctest */ = {isa = PBXFileReference; explicitFileType = wrapper.cfbundle; includeInIndex = 0; path = UncommonAppTests.xctest; sourceTree = BUILT_PRODUCTS_DIR; };
		3056BEBF2939080B006C85F8 /* UncommonAppTests.swift */ = {isa = PBXFileReference; lastKnownFileType = sourcecode.swift; path = UncommonAppTests.swift; sourceTree = "<group>"; };
		3056BEC52939080B006C85F8 /* UncommonAppUITests.xctest */ = {isa = PBXFileReference; explicitFileType = wrapper.cfbundle; includeInIndex = 0; path = UncommonAppUITests.xctest; sourceTree = BUILT_PRODUCTS_DIR; };
		3056BEC92939080B006C85F8 /* UncommonAppUITests.swift */ = {isa = PBXFileReference; lastKnownFileType = sourcecode.swift; path = UncommonAppUITests.swift; sourceTree = "<group>"; };
		3056BECB2939080B006C85F8 /* UncommonAppUITestsLaunchTests.swift */ = {isa = PBXFileReference; lastKnownFileType = sourcecode.swift; path = UncommonAppUITestsLaunchTests.swift; sourceTree = "<group>"; };
		3056BED8293EAF85006C85F8 /* Home.swift */ = {isa = PBXFileReference; lastKnownFileType = sourcecode.swift; path = Home.swift; sourceTree = "<group>"; };
		3056BEDA293EAFB5006C85F8 /* Rewards.swift */ = {isa = PBXFileReference; lastKnownFileType = sourcecode.swift; path = Rewards.swift; sourceTree = "<group>"; };
		3056BEDC293EC7DB006C85F8 /* Share.swift */ = {isa = PBXFileReference; lastKnownFileType = sourcecode.swift; path = Share.swift; sourceTree = "<group>"; };
		3056BEDE293ED713006C85F8 /* SharePersonalized.swift */ = {isa = PBXFileReference; lastKnownFileType = sourcecode.swift; path = SharePersonalized.swift; sourceTree = "<group>"; };
/* End PBXFileReference section */

/* Begin PBXFrameworksBuildPhase section */
		3056BEA82939080A006C85F8 /* Frameworks */ = {
			isa = PBXFrameworksBuildPhase;
			buildActionMask = 2147483647;
			files = (
				3056BF31293FE01E006C85F8 /* FirebaseMessaging in Frameworks */,
				3056BF15293FE01C006C85F8 /* FirebaseAppCheck in Frameworks */,
				3056BF19293FE01C006C85F8 /* FirebaseAuth in Frameworks */,
				3056BF3B293FE01F006C85F8 /* FirebaseStorageCombine-Community in Frameworks */,
				3056BF37293FE01F006C85F8 /* FirebaseRemoteConfigSwift in Frameworks */,
				3056BF11293FE01C006C85F8 /* FirebaseAnalyticsSwift in Frameworks */,
				3056BF21293FE01D006C85F8 /* FirebaseFirestore in Frameworks */,
				3056BF17293FE01C006C85F8 /* FirebaseAppDistribution-Beta in Frameworks */,
				3056BF23293FE01D006C85F8 /* FirebaseFirestoreCombine-Community in Frameworks */,
				3056BF13293FE01C006C85F8 /* FirebaseAnalyticsWithoutAdIdSupport in Frameworks */,
				3056BF29293FE01D006C85F8 /* FirebaseFunctionsCombine-Community in Frameworks */,
				3056BF2F293FE01E006C85F8 /* FirebaseInstallations in Frameworks */,
				3056BF1F293FE01C006C85F8 /* FirebaseDynamicLinks in Frameworks */,
				3056BF1D293FE01C006C85F8 /* FirebaseCrashlytics in Frameworks */,
				3056BF2D293FE01E006C85F8 /* FirebaseInAppMessagingSwift-Beta in Frameworks */,
				3056BF27293FE01D006C85F8 /* FirebaseFunctions in Frameworks */,
				3056BF33293FE01E006C85F8 /* FirebasePerformance in Frameworks */,
				3056BF1B293FE01C006C85F8 /* FirebaseAuthCombine-Community in Frameworks */,
				3056BF07293FD798006C85F8 /* SDWebImageSwiftUI in Frameworks */,
				3056BF25293FE01D006C85F8 /* FirebaseFirestoreSwift in Frameworks */,
				3056BF39293FE01F006C85F8 /* FirebaseStorage in Frameworks */,
				3056BF2B293FE01D006C85F8 /* FirebaseInAppMessaging-Beta in Frameworks */,
				3056BF35293FE01F006C85F8 /* FirebaseRemoteConfig in Frameworks */,
			);
			runOnlyForDeploymentPostprocessing = 0;
		};
		3056BEB82939080B006C85F8 /* Frameworks */ = {
			isa = PBXFrameworksBuildPhase;
			buildActionMask = 2147483647;
			files = (
			);
			runOnlyForDeploymentPostprocessing = 0;
		};
		3056BEC22939080B006C85F8 /* Frameworks */ = {
			isa = PBXFrameworksBuildPhase;
			buildActionMask = 2147483647;
			files = (
			);
			runOnlyForDeploymentPostprocessing = 0;
		};
/* End PBXFrameworksBuildPhase section */

/* Begin PBXGroup section */
		30114A12293FE5C100F63BD1 /* Firebase */ = {
			isa = PBXGroup;
			children = (
				30114A13293FE5C100F63BD1 /* Prod */,
				30114A15293FE5C100F63BD1 /* Dev */,
			);
			path = Firebase;
			sourceTree = "<group>";
		};
		30114A13293FE5C100F63BD1 /* Prod */ = {
			isa = PBXGroup;
			children = (
				30114A14293FE5C100F63BD1 /* GoogleService-Info.plist */,
			);
			path = Prod;
			sourceTree = "<group>";
		};
		30114A15293FE5C100F63BD1 /* Dev */ = {
			isa = PBXGroup;
			children = (
				30114A16293FE5C100F63BD1 /* GoogleService-Info.plist */,
			);
			path = Dev;
			sourceTree = "<group>";
		};
		30114A1A29407B3500F63BD1 /* Views */ = {
			isa = PBXGroup;
			children = (
			);
			path = Views;
			sourceTree = "<group>";
		};
		30114A1B29407B3D00F63BD1 /* ViewModels */ = {
			isa = PBXGroup;
			children = (
				30114A1D29407B8900F63BD1 /* ReferralProgramVM.swift */,
			);
			path = ViewModels;
			sourceTree = "<group>";
		};
		30114A1C29407B4E00F63BD1 /* Models */ = {
			isa = PBXGroup;
			children = (
				30114A1F29407BA500F63BD1 /* ReferralProgram.swift */,
			);
			path = Models;
			sourceTree = "<group>";
		};
		3056BEA22939080A006C85F8 = {
			isa = PBXGroup;
			children = (
				3056BEAD2939080A006C85F8 /* UncommonApp */,
				3056BEBE2939080B006C85F8 /* UncommonAppTests */,
				3056BEC82939080B006C85F8 /* UncommonAppUITests */,
				3056BEAC2939080A006C85F8 /* Products */,
			);
			sourceTree = "<group>";
		};
		3056BEAC2939080A006C85F8 /* Products */ = {
			isa = PBXGroup;
			children = (
				3056BEAB2939080A006C85F8 /* UncommonApp.app */,
				3056BEBB2939080B006C85F8 /* UncommonAppTests.xctest */,
				3056BEC52939080B006C85F8 /* UncommonAppUITests.xctest */,
			);
			name = Products;
			sourceTree = "<group>";
		};
		3056BEAD2939080A006C85F8 /* UncommonApp */ = {
			isa = PBXGroup;
			children = (
				3056BEAE2939080A006C85F8 /* UncommonApp.swift */,
				3056BEB02939080A006C85F8 /* ContentView.swift */,
				30114A1C29407B4E00F63BD1 /* Models */,
				30114A1B29407B3D00F63BD1 /* ViewModels */,
				30114A1A29407B3500F63BD1 /* Views */,
				3056BED8293EAF85006C85F8 /* Home.swift */,
				3056BEDA293EAFB5006C85F8 /* Rewards.swift */,
				3056BEDC293EC7DB006C85F8 /* Share.swift */,
				3056BEDE293ED713006C85F8 /* SharePersonalized.swift */,
				30114A18294051B100F63BD1 /* Profile.swift */,
				3056BEB22939080B006C85F8 /* Assets.xcassets */,
				3056BEB42939080B006C85F8 /* Preview Content */,
				30114A12293FE5C100F63BD1 /* Firebase */,
			);
			path = UncommonApp;
			sourceTree = "<group>";
		};
		3056BEB42939080B006C85F8 /* Preview Content */ = {
			isa = PBXGroup;
			children = (
				3056BEB52939080B006C85F8 /* Preview Assets.xcassets */,
			);
			path = "Preview Content";
			sourceTree = "<group>";
		};
		3056BEBE2939080B006C85F8 /* UncommonAppTests */ = {
			isa = PBXGroup;
			children = (
				3056BEBF2939080B006C85F8 /* UncommonAppTests.swift */,
			);
			path = UncommonAppTests;
			sourceTree = "<group>";
		};
		3056BEC82939080B006C85F8 /* UncommonAppUITests */ = {
			isa = PBXGroup;
			children = (
				3056BEC92939080B006C85F8 /* UncommonAppUITests.swift */,
				3056BECB2939080B006C85F8 /* UncommonAppUITestsLaunchTests.swift */,
			);
			path = UncommonAppUITests;
			sourceTree = "<group>";
		};
/* End PBXGroup section */

/* Begin PBXNativeTarget section */
		3056BEAA2939080A006C85F8 /* UncommonApp */ = {
			isa = PBXNativeTarget;
			buildConfigurationList = 3056BECF2939080B006C85F8 /* Build configuration list for PBXNativeTarget "UncommonApp" */;
			buildPhases = (
				3056BEA72939080A006C85F8 /* Sources */,
				3056BEA82939080A006C85F8 /* Frameworks */,
				30114A17293FE60400F63BD1 /* Setup Firebase Environment GoogleService-Info.plist */,
				3056BEA92939080A006C85F8 /* Resources */,
			);
			buildRules = (
			);
			dependencies = (
			);
			name = UncommonApp;
			packageProductDependencies = (
				3056BF06293FD798006C85F8 /* SDWebImageSwiftUI */,
				3056BF10293FE01C006C85F8 /* FirebaseAnalyticsSwift */,
				3056BF12293FE01C006C85F8 /* FirebaseAnalyticsWithoutAdIdSupport */,
				3056BF14293FE01C006C85F8 /* FirebaseAppCheck */,
				3056BF16293FE01C006C85F8 /* FirebaseAppDistribution-Beta */,
				3056BF18293FE01C006C85F8 /* FirebaseAuth */,
				3056BF1A293FE01C006C85F8 /* FirebaseAuthCombine-Community */,
				3056BF1C293FE01C006C85F8 /* FirebaseCrashlytics */,
				3056BF1E293FE01C006C85F8 /* FirebaseDynamicLinks */,
				3056BF20293FE01D006C85F8 /* FirebaseFirestore */,
				3056BF22293FE01D006C85F8 /* FirebaseFirestoreCombine-Community */,
				3056BF24293FE01D006C85F8 /* FirebaseFirestoreSwift */,
				3056BF26293FE01D006C85F8 /* FirebaseFunctions */,
				3056BF28293FE01D006C85F8 /* FirebaseFunctionsCombine-Community */,
				3056BF2A293FE01D006C85F8 /* FirebaseInAppMessaging-Beta */,
				3056BF2C293FE01E006C85F8 /* FirebaseInAppMessagingSwift-Beta */,
				3056BF2E293FE01E006C85F8 /* FirebaseInstallations */,
				3056BF30293FE01E006C85F8 /* FirebaseMessaging */,
				3056BF32293FE01E006C85F8 /* FirebasePerformance */,
				3056BF34293FE01F006C85F8 /* FirebaseRemoteConfig */,
				3056BF36293FE01F006C85F8 /* FirebaseRemoteConfigSwift */,
				3056BF38293FE01F006C85F8 /* FirebaseStorage */,
				3056BF3A293FE01F006C85F8 /* FirebaseStorageCombine-Community */,
			);
			productName = UncommonApp;
			productReference = 3056BEAB2939080A006C85F8 /* UncommonApp.app */;
			productType = "com.apple.product-type.application";
		};
		3056BEBA2939080B006C85F8 /* UncommonAppTests */ = {
			isa = PBXNativeTarget;
			buildConfigurationList = 3056BED22939080B006C85F8 /* Build configuration list for PBXNativeTarget "UncommonAppTests" */;
			buildPhases = (
				3056BEB72939080B006C85F8 /* Sources */,
				3056BEB82939080B006C85F8 /* Frameworks */,
				3056BEB92939080B006C85F8 /* Resources */,
			);
			buildRules = (
			);
			dependencies = (
				3056BEBD2939080B006C85F8 /* PBXTargetDependency */,
			);
			name = UncommonAppTests;
			productName = UncommonAppTests;
			productReference = 3056BEBB2939080B006C85F8 /* UncommonAppTests.xctest */;
			productType = "com.apple.product-type.bundle.unit-test";
		};
		3056BEC42939080B006C85F8 /* UncommonAppUITests */ = {
			isa = PBXNativeTarget;
			buildConfigurationList = 3056BED52939080B006C85F8 /* Build configuration list for PBXNativeTarget "UncommonAppUITests" */;
			buildPhases = (
				3056BEC12939080B006C85F8 /* Sources */,
				3056BEC22939080B006C85F8 /* Frameworks */,
				3056BEC32939080B006C85F8 /* Resources */,
			);
			buildRules = (
			);
			dependencies = (
				3056BEC72939080B006C85F8 /* PBXTargetDependency */,
			);
			name = UncommonAppUITests;
			productName = UncommonAppUITests;
			productReference = 3056BEC52939080B006C85F8 /* UncommonAppUITests.xctest */;
			productType = "com.apple.product-type.bundle.ui-testing";
		};
/* End PBXNativeTarget section */

/* Begin PBXProject section */
		3056BEA32939080A006C85F8 /* Project object */ = {
			isa = PBXProject;
			attributes = {
				BuildIndependentTargetsInParallel = 1;
				LastSwiftUpdateCheck = 1410;
				LastUpgradeCheck = 1410;
				TargetAttributes = {
					3056BEAA2939080A006C85F8 = {
						CreatedOnToolsVersion = 14.1;
					};
					3056BEBA2939080B006C85F8 = {
						CreatedOnToolsVersion = 14.1;
						TestTargetID = 3056BEAA2939080A006C85F8;
					};
					3056BEC42939080B006C85F8 = {
						CreatedOnToolsVersion = 14.1;
						TestTargetID = 3056BEAA2939080A006C85F8;
					};
				};
			};
			buildConfigurationList = 3056BEA62939080A006C85F8 /* Build configuration list for PBXProject "UncommonApp" */;
			compatibilityVersion = "Xcode 14.0";
			developmentRegion = en;
			hasScannedForEncodings = 0;
			knownRegions = (
				en,
				Base,
			);
			mainGroup = 3056BEA22939080A006C85F8;
			packageReferences = (
				3056BF05293FD798006C85F8 /* XCRemoteSwiftPackageReference "SDWebImageSwiftUI" */,
				3056BF0F293FE01C006C85F8 /* XCRemoteSwiftPackageReference "firebase-ios-sdk" */,
			);
			productRefGroup = 3056BEAC2939080A006C85F8 /* Products */;
			projectDirPath = "";
			projectRoot = "";
			targets = (
				3056BEAA2939080A006C85F8 /* UncommonApp */,
				3056BEBA2939080B006C85F8 /* UncommonAppTests */,
				3056BEC42939080B006C85F8 /* UncommonAppUITests */,
			);
		};
/* End PBXProject section */

/* Begin PBXResourcesBuildPhase section */
		3056BEA92939080A006C85F8 /* Resources */ = {
			isa = PBXResourcesBuildPhase;
			buildActionMask = 2147483647;
			files = (
				3056BEB62939080B006C85F8 /* Preview Assets.xcassets in Resources */,
				3056BEB32939080B006C85F8 /* Assets.xcassets in Resources */,
			);
			runOnlyForDeploymentPostprocessing = 0;
		};
		3056BEB92939080B006C85F8 /* Resources */ = {
			isa = PBXResourcesBuildPhase;
			buildActionMask = 2147483647;
			files = (
			);
			runOnlyForDeploymentPostprocessing = 0;
		};
		3056BEC32939080B006C85F8 /* Resources */ = {
			isa = PBXResourcesBuildPhase;
			buildActionMask = 2147483647;
			files = (
			);
			runOnlyForDeploymentPostprocessing = 0;
		};
/* End PBXResourcesBuildPhase section */

/* Begin PBXShellScriptBuildPhase section */
		30114A17293FE60400F63BD1 /* Setup Firebase Environment GoogleService-Info.plist */ = {
			isa = PBXShellScriptBuildPhase;
			buildActionMask = 2147483647;
			files = (
			);
			inputFileListPaths = (
			);
			inputPaths = (
			);
			name = "Setup Firebase Environment GoogleService-Info.plist";
			outputFileListPaths = (
			);
			outputPaths = (
			);
			runOnlyForDeploymentPostprocessing = 0;
			shellPath = /bin/sh;
			shellScript = "# Type a script or drag a script file from your workspace to insert its path.\n# Name of the resource we're selectively copying\nGOOGLESERVICE_INFO_PLIST=GoogleService-Info.plist\n\n# Get references to dev and prod versions of the GoogleService-Info.plist\n# NOTE: These should only live on the file system and should NOT be part of the target (since we'll be adding them to the target manually)\nGOOGLESERVICE_INFO_DEV=${PROJECT_DIR}/${TARGET_NAME}/Firebase/Dev/${GOOGLESERVICE_INFO_PLIST}\nGOOGLESERVICE_INFO_PROD=${PROJECT_DIR}/${TARGET_NAME}/Firebase/Prod/${GOOGLESERVICE_INFO_PLIST}\n\n# Make sure the dev version of GoogleService-Info.plist exists\necho \"Looking for ${GOOGLESERVICE_INFO_PLIST} in ${GOOGLESERVICE_INFO_DEV}\"\nif [ ! -f $GOOGLESERVICE_INFO_DEV ]\nthen\n    echo \"No Development GoogleService-Info.plist found. Please ensure it's in the proper directory.\"\n    exit 1\nfi\n\n# Make sure the prod version of GoogleService-Info.plist exists\necho \"Looking for ${GOOGLESERVICE_INFO_PLIST} in ${GOOGLESERVICE_INFO_PROD}\"\nif [ ! -f $GOOGLESERVICE_INFO_PROD ]\nthen\n    echo \"No Production GoogleService-Info.plist found. Please ensure it's in the proper directory.\"\n    exit 1\nfi\n\n# Get a reference to the destination location for the GoogleService-Info.plist\nPLIST_DESTINATION=${BUILT_PRODUCTS_DIR}/${PRODUCT_NAME}.app\necho \"Will copy ${GOOGLESERVICE_INFO_PLIST} to final destination: ${PLIST_DESTINATION}\"\n\n# Copy over the prod GoogleService-Info.plist for Release builds\nif [ \"${CONFIGURATION}\" == \"Release\" ]\nthen\n    echo \"Using ${GOOGLESERVICE_INFO_PROD}\"\n    cp \"${GOOGLESERVICE_INFO_PROD}\" \"${PLIST_DESTINATION}\"\nelse\n    echo \"Using ${GOOGLESERVICE_INFO_DEV}\"\n    cp \"${GOOGLESERVICE_INFO_DEV}\" \"${PLIST_DESTINATION}\"\nfi\n";
		};
/* End PBXShellScriptBuildPhase section */

/* Begin PBXSourcesBuildPhase section */
		3056BEA72939080A006C85F8 /* Sources */ = {
			isa = PBXSourcesBuildPhase;
			buildActionMask = 2147483647;
			files = (
				30114A1E29407B8900F63BD1 /* ReferralProgramVM.swift in Sources */,
				3056BEDD293EC7DB006C85F8 /* Share.swift in Sources */,
				3056BEDB293EAFB5006C85F8 /* Rewards.swift in Sources */,
				3056BEB12939080A006C85F8 /* ContentView.swift in Sources */,
				30114A19294051B100F63BD1 /* Profile.swift in Sources */,
				3056BED9293EAF85006C85F8 /* Home.swift in Sources */,
				3056BEAF2939080A006C85F8 /* UncommonApp.swift in Sources */,
				30114A2029407BA500F63BD1 /* ReferralProgram.swift in Sources */,
				3056BEDF293ED713006C85F8 /* SharePersonalized.swift in Sources */,
			);
			runOnlyForDeploymentPostprocessing = 0;
		};
		3056BEB72939080B006C85F8 /* Sources */ = {
			isa = PBXSourcesBuildPhase;
			buildActionMask = 2147483647;
			files = (
				3056BEC02939080B006C85F8 /* UncommonAppTests.swift in Sources */,
			);
			runOnlyForDeploymentPostprocessing = 0;
		};
		3056BEC12939080B006C85F8 /* Sources */ = {
			isa = PBXSourcesBuildPhase;
			buildActionMask = 2147483647;
			files = (
				3056BECC2939080B006C85F8 /* UncommonAppUITestsLaunchTests.swift in Sources */,
				3056BECA2939080B006C85F8 /* UncommonAppUITests.swift in Sources */,
			);
			runOnlyForDeploymentPostprocessing = 0;
		};
/* End PBXSourcesBuildPhase section */

/* Begin PBXTargetDependency section */
		3056BEBD2939080B006C85F8 /* PBXTargetDependency */ = {
			isa = PBXTargetDependency;
			target = 3056BEAA2939080A006C85F8 /* UncommonApp */;
			targetProxy = 3056BEBC2939080B006C85F8 /* PBXContainerItemProxy */;
		};
		3056BEC72939080B006C85F8 /* PBXTargetDependency */ = {
			isa = PBXTargetDependency;
			target = 3056BEAA2939080A006C85F8 /* UncommonApp */;
			targetProxy = 3056BEC62939080B006C85F8 /* PBXContainerItemProxy */;
		};
/* End PBXTargetDependency section */

/* Begin XCBuildConfiguration section */
		3056BECD2939080B006C85F8 /* Debug */ = {
			isa = XCBuildConfiguration;
			buildSettings = {
				ALWAYS_SEARCH_USER_PATHS = NO;
				CLANG_ANALYZER_NONNULL = YES;
				CLANG_ANALYZER_NUMBER_OBJECT_CONVERSION = YES_AGGRESSIVE;
				CLANG_CXX_LANGUAGE_STANDARD = "gnu++20";
				CLANG_ENABLE_MODULES = YES;
				CLANG_ENABLE_OBJC_ARC = YES;
				CLANG_ENABLE_OBJC_WEAK = YES;
				CLANG_WARN_BLOCK_CAPTURE_AUTORELEASING = YES;
				CLANG_WARN_BOOL_CONVERSION = YES;
				CLANG_WARN_COMMA = YES;
				CLANG_WARN_CONSTANT_CONVERSION = YES;
				CLANG_WARN_DEPRECATED_OBJC_IMPLEMENTATIONS = YES;
				CLANG_WARN_DIRECT_OBJC_ISA_USAGE = YES_ERROR;
				CLANG_WARN_DOCUMENTATION_COMMENTS = YES;
				CLANG_WARN_EMPTY_BODY = YES;
				CLANG_WARN_ENUM_CONVERSION = YES;
				CLANG_WARN_INFINITE_RECURSION = YES;
				CLANG_WARN_INT_CONVERSION = YES;
				CLANG_WARN_NON_LITERAL_NULL_CONVERSION = YES;
				CLANG_WARN_OBJC_IMPLICIT_RETAIN_SELF = YES;
				CLANG_WARN_OBJC_LITERAL_CONVERSION = YES;
				CLANG_WARN_OBJC_ROOT_CLASS = YES_ERROR;
				CLANG_WARN_QUOTED_INCLUDE_IN_FRAMEWORK_HEADER = YES;
				CLANG_WARN_RANGE_LOOP_ANALYSIS = YES;
				CLANG_WARN_STRICT_PROTOTYPES = YES;
				CLANG_WARN_SUSPICIOUS_MOVE = YES;
				CLANG_WARN_UNGUARDED_AVAILABILITY = YES_AGGRESSIVE;
				CLANG_WARN_UNREACHABLE_CODE = YES;
				CLANG_WARN__DUPLICATE_METHOD_MATCH = YES;
				COPY_PHASE_STRIP = NO;
				DEBUG_INFORMATION_FORMAT = dwarf;
				ENABLE_STRICT_OBJC_MSGSEND = YES;
				ENABLE_TESTABILITY = YES;
				GCC_C_LANGUAGE_STANDARD = gnu11;
				GCC_DYNAMIC_NO_PIC = NO;
				GCC_NO_COMMON_BLOCKS = YES;
				GCC_OPTIMIZATION_LEVEL = 0;
				GCC_PREPROCESSOR_DEFINITIONS = (
					"DEBUG=1",
					"$(inherited)",
				);
				GCC_WARN_64_TO_32_BIT_CONVERSION = YES;
				GCC_WARN_ABOUT_RETURN_TYPE = YES_ERROR;
				GCC_WARN_UNDECLARED_SELECTOR = YES;
				GCC_WARN_UNINITIALIZED_AUTOS = YES_AGGRESSIVE;
				GCC_WARN_UNUSED_FUNCTION = YES;
				GCC_WARN_UNUSED_VARIABLE = YES;
				IPHONEOS_DEPLOYMENT_TARGET = 15.0;
				MTL_ENABLE_DEBUG_INFO = INCLUDE_SOURCE;
				MTL_FAST_MATH = YES;
				ONLY_ACTIVE_ARCH = YES;
				SDKROOT = iphoneos;
				SWIFT_ACTIVE_COMPILATION_CONDITIONS = DEBUG;
				SWIFT_OPTIMIZATION_LEVEL = "-Onone";
			};
			name = Debug;
		};
		3056BECE2939080B006C85F8 /* Release */ = {
			isa = XCBuildConfiguration;
			buildSettings = {
				ALWAYS_SEARCH_USER_PATHS = NO;
				CLANG_ANALYZER_NONNULL = YES;
				CLANG_ANALYZER_NUMBER_OBJECT_CONVERSION = YES_AGGRESSIVE;
				CLANG_CXX_LANGUAGE_STANDARD = "gnu++20";
				CLANG_ENABLE_MODULES = YES;
				CLANG_ENABLE_OBJC_ARC = YES;
				CLANG_ENABLE_OBJC_WEAK = YES;
				CLANG_WARN_BLOCK_CAPTURE_AUTORELEASING = YES;
				CLANG_WARN_BOOL_CONVERSION = YES;
				CLANG_WARN_COMMA = YES;
				CLANG_WARN_CONSTANT_CONVERSION = YES;
				CLANG_WARN_DEPRECATED_OBJC_IMPLEMENTATIONS = YES;
				CLANG_WARN_DIRECT_OBJC_ISA_USAGE = YES_ERROR;
				CLANG_WARN_DOCUMENTATION_COMMENTS = YES;
				CLANG_WARN_EMPTY_BODY = YES;
				CLANG_WARN_ENUM_CONVERSION = YES;
				CLANG_WARN_INFINITE_RECURSION = YES;
				CLANG_WARN_INT_CONVERSION = YES;
				CLANG_WARN_NON_LITERAL_NULL_CONVERSION = YES;
				CLANG_WARN_OBJC_IMPLICIT_RETAIN_SELF = YES;
				CLANG_WARN_OBJC_LITERAL_CONVERSION = YES;
				CLANG_WARN_OBJC_ROOT_CLASS = YES_ERROR;
				CLANG_WARN_QUOTED_INCLUDE_IN_FRAMEWORK_HEADER = YES;
				CLANG_WARN_RANGE_LOOP_ANALYSIS = YES;
				CLANG_WARN_STRICT_PROTOTYPES = YES;
				CLANG_WARN_SUSPICIOUS_MOVE = YES;
				CLANG_WARN_UNGUARDED_AVAILABILITY = YES_AGGRESSIVE;
				CLANG_WARN_UNREACHABLE_CODE = YES;
				CLANG_WARN__DUPLICATE_METHOD_MATCH = YES;
				COPY_PHASE_STRIP = NO;
				DEBUG_INFORMATION_FORMAT = "dwarf-with-dsym";
				ENABLE_NS_ASSERTIONS = NO;
				ENABLE_STRICT_OBJC_MSGSEND = YES;
				GCC_C_LANGUAGE_STANDARD = gnu11;
				GCC_NO_COMMON_BLOCKS = YES;
				GCC_WARN_64_TO_32_BIT_CONVERSION = YES;
				GCC_WARN_ABOUT_RETURN_TYPE = YES_ERROR;
				GCC_WARN_UNDECLARED_SELECTOR = YES;
				GCC_WARN_UNINITIALIZED_AUTOS = YES_AGGRESSIVE;
				GCC_WARN_UNUSED_FUNCTION = YES;
				GCC_WARN_UNUSED_VARIABLE = YES;
				IPHONEOS_DEPLOYMENT_TARGET = 15.0;
				MTL_ENABLE_DEBUG_INFO = NO;
				MTL_FAST_MATH = YES;
				SDKROOT = iphoneos;
				SWIFT_COMPILATION_MODE = wholemodule;
				SWIFT_OPTIMIZATION_LEVEL = "-O";
				VALIDATE_PRODUCT = YES;
			};
			name = Release;
		};
		3056BED02939080B006C85F8 /* Debug */ = {
			isa = XCBuildConfiguration;
			buildSettings = {
				ASSETCATALOG_COMPILER_APPICON_NAME = AppIcon;
				ASSETCATALOG_COMPILER_GLOBAL_ACCENT_COLOR_NAME = AccentColor;
				CODE_SIGN_STYLE = Automatic;
				CURRENT_PROJECT_VERSION = 1;
				DEVELOPMENT_ASSET_PATHS = "\"UncommonApp/Preview Content\"";
				DEVELOPMENT_TEAM = F6HF4R7G4W;
				ENABLE_PREVIEWS = YES;
				GENERATE_INFOPLIST_FILE = YES;
				INFOPLIST_KEY_CFBundleDisplayName = "Uncommon App";
				INFOPLIST_KEY_LSApplicationCategoryType = "public.app-category.shopping";
				INFOPLIST_KEY_UIApplicationSceneManifest_Generation = YES;
				INFOPLIST_KEY_UIApplicationSupportsIndirectInputEvents = YES;
				INFOPLIST_KEY_UILaunchScreen_Generation = YES;
				INFOPLIST_KEY_UISupportedInterfaceOrientations_iPad = "UIInterfaceOrientationPortrait UIInterfaceOrientationPortraitUpsideDown UIInterfaceOrientationLandscapeLeft UIInterfaceOrientationLandscapeRight";
				INFOPLIST_KEY_UISupportedInterfaceOrientations_iPhone = "UIInterfaceOrientationPortrait UIInterfaceOrientationLandscapeLeft UIInterfaceOrientationLandscapeRight";
				IPHONEOS_DEPLOYMENT_TARGET = 16.1;
				LD_RUNPATH_SEARCH_PATHS = (
					"$(inherited)",
					"@executable_path/Frameworks",
				);
				MARKETING_VERSION = 1.0;
				PRODUCT_BUNDLE_IDENTIFIER = UncommonInc.UncommonApp;
				PRODUCT_NAME = "$(TARGET_NAME)";
				SWIFT_EMIT_LOC_STRINGS = YES;
				SWIFT_VERSION = 5.0;
				TARGETED_DEVICE_FAMILY = "1,2";
			};
			name = Debug;
		};
		3056BED12939080B006C85F8 /* Release */ = {
			isa = XCBuildConfiguration;
			buildSettings = {
				ASSETCATALOG_COMPILER_APPICON_NAME = AppIcon;
				ASSETCATALOG_COMPILER_GLOBAL_ACCENT_COLOR_NAME = AccentColor;
				CODE_SIGN_STYLE = Automatic;
				CURRENT_PROJECT_VERSION = 1;
				DEVELOPMENT_ASSET_PATHS = "\"UncommonApp/Preview Content\"";
				DEVELOPMENT_TEAM = F6HF4R7G4W;
				ENABLE_PREVIEWS = YES;
				GENERATE_INFOPLIST_FILE = YES;
				INFOPLIST_KEY_CFBundleDisplayName = "Uncommon App";
				INFOPLIST_KEY_LSApplicationCategoryType = "public.app-category.shopping";
				INFOPLIST_KEY_UIApplicationSceneManifest_Generation = YES;
				INFOPLIST_KEY_UIApplicationSupportsIndirectInputEvents = YES;
				INFOPLIST_KEY_UILaunchScreen_Generation = YES;
				INFOPLIST_KEY_UISupportedInterfaceOrientations_iPad = "UIInterfaceOrientationPortrait UIInterfaceOrientationPortraitUpsideDown UIInterfaceOrientationLandscapeLeft UIInterfaceOrientationLandscapeRight";
				INFOPLIST_KEY_UISupportedInterfaceOrientations_iPhone = "UIInterfaceOrientationPortrait UIInterfaceOrientationLandscapeLeft UIInterfaceOrientationLandscapeRight";
				IPHONEOS_DEPLOYMENT_TARGET = 16.1;
				LD_RUNPATH_SEARCH_PATHS = (
					"$(inherited)",
					"@executable_path/Frameworks",
				);
				MARKETING_VERSION = 1.0;
				PRODUCT_BUNDLE_IDENTIFIER = UncommonInc.UncommonApp;
				PRODUCT_NAME = "$(TARGET_NAME)";
				SWIFT_EMIT_LOC_STRINGS = YES;
				SWIFT_VERSION = 5.0;
				TARGETED_DEVICE_FAMILY = "1,2";
			};
			name = Release;
		};
		3056BED32939080B006C85F8 /* Debug */ = {
			isa = XCBuildConfiguration;
			buildSettings = {
				ALWAYS_EMBED_SWIFT_STANDARD_LIBRARIES = YES;
				BUNDLE_LOADER = "$(TEST_HOST)";
				CODE_SIGN_STYLE = Automatic;
				CURRENT_PROJECT_VERSION = 1;
				DEVELOPMENT_TEAM = F6HF4R7G4W;
				GENERATE_INFOPLIST_FILE = YES;
				IPHONEOS_DEPLOYMENT_TARGET = 16.1;
				MARKETING_VERSION = 1.0;
				PRODUCT_BUNDLE_IDENTIFIER = UncommonInc.UncommonAppTests;
				PRODUCT_NAME = "$(TARGET_NAME)";
				SWIFT_EMIT_LOC_STRINGS = NO;
				SWIFT_VERSION = 5.0;
				TARGETED_DEVICE_FAMILY = "1,2";
				TEST_HOST = "$(BUILT_PRODUCTS_DIR)/UncommonApp.app/$(BUNDLE_EXECUTABLE_FOLDER_PATH)/UncommonApp";
			};
			name = Debug;
		};
		3056BED42939080B006C85F8 /* Release */ = {
			isa = XCBuildConfiguration;
			buildSettings = {
				ALWAYS_EMBED_SWIFT_STANDARD_LIBRARIES = YES;
				BUNDLE_LOADER = "$(TEST_HOST)";
				CODE_SIGN_STYLE = Automatic;
				CURRENT_PROJECT_VERSION = 1;
				DEVELOPMENT_TEAM = F6HF4R7G4W;
				GENERATE_INFOPLIST_FILE = YES;
				IPHONEOS_DEPLOYMENT_TARGET = 16.1;
				MARKETING_VERSION = 1.0;
				PRODUCT_BUNDLE_IDENTIFIER = UncommonInc.UncommonAppTests;
				PRODUCT_NAME = "$(TARGET_NAME)";
				SWIFT_EMIT_LOC_STRINGS = NO;
				SWIFT_VERSION = 5.0;
				TARGETED_DEVICE_FAMILY = "1,2";
				TEST_HOST = "$(BUILT_PRODUCTS_DIR)/UncommonApp.app/$(BUNDLE_EXECUTABLE_FOLDER_PATH)/UncommonApp";
			};
			name = Release;
		};
		3056BED62939080B006C85F8 /* Debug */ = {
			isa = XCBuildConfiguration;
			buildSettings = {
				ALWAYS_EMBED_SWIFT_STANDARD_LIBRARIES = YES;
				CODE_SIGN_STYLE = Automatic;
				CURRENT_PROJECT_VERSION = 1;
				DEVELOPMENT_TEAM = F6HF4R7G4W;
				GENERATE_INFOPLIST_FILE = YES;
				MARKETING_VERSION = 1.0;
				PRODUCT_BUNDLE_IDENTIFIER = UncommonInc.UncommonAppUITests;
				PRODUCT_NAME = "$(TARGET_NAME)";
				SWIFT_EMIT_LOC_STRINGS = NO;
				SWIFT_VERSION = 5.0;
				TARGETED_DEVICE_FAMILY = "1,2";
				TEST_TARGET_NAME = UncommonApp;
			};
			name = Debug;
		};
		3056BED72939080B006C85F8 /* Release */ = {
			isa = XCBuildConfiguration;
			buildSettings = {
				ALWAYS_EMBED_SWIFT_STANDARD_LIBRARIES = YES;
				CODE_SIGN_STYLE = Automatic;
				CURRENT_PROJECT_VERSION = 1;
				DEVELOPMENT_TEAM = F6HF4R7G4W;
				GENERATE_INFOPLIST_FILE = YES;
				MARKETING_VERSION = 1.0;
				PRODUCT_BUNDLE_IDENTIFIER = UncommonInc.UncommonAppUITests;
				PRODUCT_NAME = "$(TARGET_NAME)";
				SWIFT_EMIT_LOC_STRINGS = NO;
				SWIFT_VERSION = 5.0;
				TARGETED_DEVICE_FAMILY = "1,2";
				TEST_TARGET_NAME = UncommonApp;
			};
			name = Release;
		};
/* End XCBuildConfiguration section */

/* Begin XCConfigurationList section */
		3056BEA62939080A006C85F8 /* Build configuration list for PBXProject "UncommonApp" */ = {
			isa = XCConfigurationList;
			buildConfigurations = (
				3056BECD2939080B006C85F8 /* Debug */,
				3056BECE2939080B006C85F8 /* Release */,
			);
			defaultConfigurationIsVisible = 0;
			defaultConfigurationName = Release;
		};
		3056BECF2939080B006C85F8 /* Build configuration list for PBXNativeTarget "UncommonApp" */ = {
			isa = XCConfigurationList;
			buildConfigurations = (
				3056BED02939080B006C85F8 /* Debug */,
				3056BED12939080B006C85F8 /* Release */,
			);
			defaultConfigurationIsVisible = 0;
			defaultConfigurationName = Release;
		};
		3056BED22939080B006C85F8 /* Build configuration list for PBXNativeTarget "UncommonAppTests" */ = {
			isa = XCConfigurationList;
			buildConfigurations = (
				3056BED32939080B006C85F8 /* Debug */,
				3056BED42939080B006C85F8 /* Release */,
			);
			defaultConfigurationIsVisible = 0;
			defaultConfigurationName = Release;
		};
		3056BED52939080B006C85F8 /* Build configuration list for PBXNativeTarget "UncommonAppUITests" */ = {
			isa = XCConfigurationList;
			buildConfigurations = (
				3056BED62939080B006C85F8 /* Debug */,
				3056BED72939080B006C85F8 /* Release */,
			);
			defaultConfigurationIsVisible = 0;
			defaultConfigurationName = Release;
		};
/* End XCConfigurationList section */

/* Begin XCRemoteSwiftPackageReference section */
		3056BF05293FD798006C85F8 /* XCRemoteSwiftPackageReference "SDWebImageSwiftUI" */ = {
			isa = XCRemoteSwiftPackageReference;
			repositoryURL = "https://github.com/SDWebImage/SDWebImageSwiftUI.git";
			requirement = {
				branch = master;
				kind = branch;
			};
		};
		3056BF0F293FE01C006C85F8 /* XCRemoteSwiftPackageReference "firebase-ios-sdk" */ = {
			isa = XCRemoteSwiftPackageReference;
			repositoryURL = "https://github.com/firebase/firebase-ios-sdk";
			requirement = {
				kind = upToNextMajorVersion;
				minimumVersion = 9.0.0;
			};
		};
/* End XCRemoteSwiftPackageReference section */

/* Begin XCSwiftPackageProductDependency section */
		3056BF06293FD798006C85F8 /* SDWebImageSwiftUI */ = {
			isa = XCSwiftPackageProductDependency;
			package = 3056BF05293FD798006C85F8 /* XCRemoteSwiftPackageReference "SDWebImageSwiftUI" */;
			productName = SDWebImageSwiftUI;
		};
		3056BF10293FE01C006C85F8 /* FirebaseAnalyticsSwift */ = {
			isa = XCSwiftPackageProductDependency;
			package = 3056BF0F293FE01C006C85F8 /* XCRemoteSwiftPackageReference "firebase-ios-sdk" */;
			productName = FirebaseAnalyticsSwift;
		};
		3056BF12293FE01C006C85F8 /* FirebaseAnalyticsWithoutAdIdSupport */ = {
			isa = XCSwiftPackageProductDependency;
			package = 3056BF0F293FE01C006C85F8 /* XCRemoteSwiftPackageReference "firebase-ios-sdk" */;
			productName = FirebaseAnalyticsWithoutAdIdSupport;
		};
		3056BF14293FE01C006C85F8 /* FirebaseAppCheck */ = {
			isa = XCSwiftPackageProductDependency;
			package = 3056BF0F293FE01C006C85F8 /* XCRemoteSwiftPackageReference "firebase-ios-sdk" */;
			productName = FirebaseAppCheck;
		};
		3056BF16293FE01C006C85F8 /* FirebaseAppDistribution-Beta */ = {
			isa = XCSwiftPackageProductDependency;
			package = 3056BF0F293FE01C006C85F8 /* XCRemoteSwiftPackageReference "firebase-ios-sdk" */;
			productName = "FirebaseAppDistribution-Beta";
		};
		3056BF18293FE01C006C85F8 /* FirebaseAuth */ = {
			isa = XCSwiftPackageProductDependency;
			package = 3056BF0F293FE01C006C85F8 /* XCRemoteSwiftPackageReference "firebase-ios-sdk" */;
			productName = FirebaseAuth;
		};
		3056BF1A293FE01C006C85F8 /* FirebaseAuthCombine-Community */ = {
			isa = XCSwiftPackageProductDependency;
			package = 3056BF0F293FE01C006C85F8 /* XCRemoteSwiftPackageReference "firebase-ios-sdk" */;
			productName = "FirebaseAuthCombine-Community";
		};
		3056BF1C293FE01C006C85F8 /* FirebaseCrashlytics */ = {
			isa = XCSwiftPackageProductDependency;
			package = 3056BF0F293FE01C006C85F8 /* XCRemoteSwiftPackageReference "firebase-ios-sdk" */;
			productName = FirebaseCrashlytics;
		};
		3056BF1E293FE01C006C85F8 /* FirebaseDynamicLinks */ = {
			isa = XCSwiftPackageProductDependency;
			package = 3056BF0F293FE01C006C85F8 /* XCRemoteSwiftPackageReference "firebase-ios-sdk" */;
			productName = FirebaseDynamicLinks;
		};
		3056BF20293FE01D006C85F8 /* FirebaseFirestore */ = {
			isa = XCSwiftPackageProductDependency;
			package = 3056BF0F293FE01C006C85F8 /* XCRemoteSwiftPackageReference "firebase-ios-sdk" */;
			productName = FirebaseFirestore;
		};
		3056BF22293FE01D006C85F8 /* FirebaseFirestoreCombine-Community */ = {
			isa = XCSwiftPackageProductDependency;
			package = 3056BF0F293FE01C006C85F8 /* XCRemoteSwiftPackageReference "firebase-ios-sdk" */;
			productName = "FirebaseFirestoreCombine-Community";
		};
		3056BF24293FE01D006C85F8 /* FirebaseFirestoreSwift */ = {
			isa = XCSwiftPackageProductDependency;
			package = 3056BF0F293FE01C006C85F8 /* XCRemoteSwiftPackageReference "firebase-ios-sdk" */;
			productName = FirebaseFirestoreSwift;
		};
		3056BF26293FE01D006C85F8 /* FirebaseFunctions */ = {
			isa = XCSwiftPackageProductDependency;
			package = 3056BF0F293FE01C006C85F8 /* XCRemoteSwiftPackageReference "firebase-ios-sdk" */;
			productName = FirebaseFunctions;
		};
		3056BF28293FE01D006C85F8 /* FirebaseFunctionsCombine-Community */ = {
			isa = XCSwiftPackageProductDependency;
			package = 3056BF0F293FE01C006C85F8 /* XCRemoteSwiftPackageReference "firebase-ios-sdk" */;
			productName = "FirebaseFunctionsCombine-Community";
		};
		3056BF2A293FE01D006C85F8 /* FirebaseInAppMessaging-Beta */ = {
			isa = XCSwiftPackageProductDependency;
			package = 3056BF0F293FE01C006C85F8 /* XCRemoteSwiftPackageReference "firebase-ios-sdk" */;
			productName = "FirebaseInAppMessaging-Beta";
		};
		3056BF2C293FE01E006C85F8 /* FirebaseInAppMessagingSwift-Beta */ = {
			isa = XCSwiftPackageProductDependency;
			package = 3056BF0F293FE01C006C85F8 /* XCRemoteSwiftPackageReference "firebase-ios-sdk" */;
			productName = "FirebaseInAppMessagingSwift-Beta";
		};
		3056BF2E293FE01E006C85F8 /* FirebaseInstallations */ = {
			isa = XCSwiftPackageProductDependency;
			package = 3056BF0F293FE01C006C85F8 /* XCRemoteSwiftPackageReference "firebase-ios-sdk" */;
			productName = FirebaseInstallations;
		};
		3056BF30293FE01E006C85F8 /* FirebaseMessaging */ = {
			isa = XCSwiftPackageProductDependency;
			package = 3056BF0F293FE01C006C85F8 /* XCRemoteSwiftPackageReference "firebase-ios-sdk" */;
			productName = FirebaseMessaging;
		};
		3056BF32293FE01E006C85F8 /* FirebasePerformance */ = {
			isa = XCSwiftPackageProductDependency;
			package = 3056BF0F293FE01C006C85F8 /* XCRemoteSwiftPackageReference "firebase-ios-sdk" */;
			productName = FirebasePerformance;
		};
		3056BF34293FE01F006C85F8 /* FirebaseRemoteConfig */ = {
			isa = XCSwiftPackageProductDependency;
			package = 3056BF0F293FE01C006C85F8 /* XCRemoteSwiftPackageReference "firebase-ios-sdk" */;
			productName = FirebaseRemoteConfig;
		};
		3056BF36293FE01F006C85F8 /* FirebaseRemoteConfigSwift */ = {
			isa = XCSwiftPackageProductDependency;
			package = 3056BF0F293FE01C006C85F8 /* XCRemoteSwiftPackageReference "firebase-ios-sdk" */;
			productName = FirebaseRemoteConfigSwift;
		};
		3056BF38293FE01F006C85F8 /* FirebaseStorage */ = {
			isa = XCSwiftPackageProductDependency;
			package = 3056BF0F293FE01C006C85F8 /* XCRemoteSwiftPackageReference "firebase-ios-sdk" */;
			productName = FirebaseStorage;
		};
		3056BF3A293FE01F006C85F8 /* FirebaseStorageCombine-Community */ = {
			isa = XCSwiftPackageProductDependency;
			package = 3056BF0F293FE01C006C85F8 /* XCRemoteSwiftPackageReference "firebase-ios-sdk" */;
			productName = "FirebaseStorageCombine-Community";
		};
/* End XCSwiftPackageProductDependency section */
	};
	rootObject = 3056BEA32939080A006C85F8 /* Project object */;
}
